// !$*UTF8*$!
{
	archiveVersion = 1;
	classes = {
	};
	objectVersion = 77;
	objects = {

/* Begin PBXBuildFile section */
		D464FD942D87F623009633CF /* FirebaseAnalytics in Frameworks */ = {isa = PBXBuildFile; productRef = D464FD932D87F623009633CF /* FirebaseAnalytics */; };
		D464FD972D87F730009633CF /* FirebaseFirestore in Frameworks */ = {isa = PBXBuildFile; productRef = D464FD962D87F730009633CF /* FirebaseFirestore */; };
		D464FD992D87F7E1009633CF /* FirebaseAuth in Frameworks */ = {isa = PBXBuildFile; productRef = D464FD982D87F7E1009633CF /* FirebaseAuth */; };
		D464FD9C2D87F97A009633CF /* GoogleSignIn in Frameworks */ = {isa = PBXBuildFile; productRef = D464FD9B2D87F97A009633CF /* GoogleSignIn */; };
		D464FD9E2D87F97A009633CF /* GoogleSignInSwift in Frameworks */ = {isa = PBXBuildFile; productRef = D464FD9D2D87F97A009633CF /* GoogleSignInSwift */; };
		D464FDA22D87FB5E009633CF /* GoogleService-Info-2.plist in Resources */ = {isa = PBXBuildFile; fileRef = D464FDA12D87FB5E009633CF /* GoogleService-Info-2.plist */; };
		D464FDA32D87FB5E009633CF /* GoogleService-Info-2.plist in Resources */ = {isa = PBXBuildFile; fileRef = D464FDA12D87FB5E009633CF /* GoogleService-Info-2.plist */; };
		D464FDA42D87FB5E009633CF /* GoogleService-Info-2.plist in Resources */ = {isa = PBXBuildFile; fileRef = D464FDA12D87FB5E009633CF /* GoogleService-Info-2.plist */; };
/* End PBXBuildFile section */

/* Begin PBXContainerItemProxy section */
		D464FD722D87F46C009633CF /* PBXContainerItemProxy */ = {
			isa = PBXContainerItemProxy;
			containerPortal = D464FD592D87F46A009633CF /* Project object */;
			proxyType = 1;
			remoteGlobalIDString = D464FD602D87F46A009633CF;
			remoteInfo = hangig;
		};
		D464FD7C2D87F46D009633CF /* PBXContainerItemProxy */ = {
			isa = PBXContainerItemProxy;
			containerPortal = D464FD592D87F46A009633CF /* Project object */;
			proxyType = 1;
			remoteGlobalIDString = D464FD602D87F46A009633CF;
			remoteInfo = hangig;
		};
/* End PBXContainerItemProxy section */

/* Begin PBXFileReference section */
		D464FD612D87F46A009633CF /* hangig.app */ = {isa = PBXFileReference; explicitFileType = wrapper.application; includeInIndex = 0; path = hangig.app; sourceTree = BUILT_PRODUCTS_DIR; };
		D464FD712D87F46C009633CF /* hangigTests.xctest */ = {isa = PBXFileReference; explicitFileType = wrapper.cfbundle; includeInIndex = 0; path = hangigTests.xctest; sourceTree = BUILT_PRODUCTS_DIR; };
		D464FD7B2D87F46D009633CF /* hangigUITests.xctest */ = {isa = PBXFileReference; explicitFileType = wrapper.cfbundle; includeInIndex = 0; path = hangigUITests.xctest; sourceTree = BUILT_PRODUCTS_DIR; };
		D464FDA12D87FB5E009633CF /* GoogleService-Info-2.plist */ = {isa = PBXFileReference; lastKnownFileType = text.plist.xml; path = "GoogleService-Info-2.plist"; sourceTree = "<group>"; };
/* End PBXFileReference section */

/* Begin PBXFileSystemSynchronizedBuildFileExceptionSet section */
		D436D3BE2D880F3D00095833 /* Exceptions for "hangig" folder in "hangig" target */ = {
			isa = PBXFileSystemSynchronizedBuildFileExceptionSet;
			membershipExceptions = (
				Info.plist,
			);
			target = D464FD602D87F46A009633CF /* hangig */;
		};
/* End PBXFileSystemSynchronizedBuildFileExceptionSet section */

/* Begin PBXFileSystemSynchronizedRootGroup section */
		D464FD632D87F46A009633CF /* hangig */ = {
			isa = PBXFileSystemSynchronizedRootGroup;
			exceptions = (
				D436D3BE2D880F3D00095833 /* Exceptions for "hangig" folder in "hangig" target */,
			);
			path = hangig;
			sourceTree = "<group>";
		};
		D464FD742D87F46C009633CF /* hangigTests */ = {
			isa = PBXFileSystemSynchronizedRootGroup;
			path = hangigTests;
			sourceTree = "<group>";
		};
		D464FD7E2D87F46D009633CF /* hangigUITests */ = {
			isa = PBXFileSystemSynchronizedRootGroup;
			path = hangigUITests;
			sourceTree = "<group>";
		};
		D464FDA52D87FF84009633CF /* Views */ = {
			isa = PBXFileSystemSynchronizedRootGroup;
			path = Views;
			sourceTree = "<group>";
		};
/* End PBXFileSystemSynchronizedRootGroup section */

/* Begin PBXFrameworksBuildPhase section */
		D464FD5E2D87F46A009633CF /* Frameworks */ = {
			isa = PBXFrameworksBuildPhase;
			buildActionMask = 2147483647;
			files = (
				D464FD9E2D87F97A009633CF /* GoogleSignInSwift in Frameworks */,
				D464FD942D87F623009633CF /* FirebaseAnalytics in Frameworks */,
				D464FD9C2D87F97A009633CF /* GoogleSignIn in Frameworks */,
				D464FD992D87F7E1009633CF /* FirebaseAuth in Frameworks */,
				D464FD972D87F730009633CF /* FirebaseFirestore in Frameworks */,
			);
			runOnlyForDeploymentPostprocessing = 0;
		};
		D464FD6E2D87F46C009633CF /* Frameworks */ = {
			isa = PBXFrameworksBuildPhase;
			buildActionMask = 2147483647;
			files = (
			);
			runOnlyForDeploymentPostprocessing = 0;
		};
		D464FD782D87F46D009633CF /* Frameworks */ = {
			isa = PBXFrameworksBuildPhase;
			buildActionMask = 2147483647;
			files = (
			);
			runOnlyForDeploymentPostprocessing = 0;
		};
/* End PBXFrameworksBuildPhase section */

/* Begin PBXGroup section */
		D464FD582D87F46A009633CF = {
			isa = PBXGroup;
			children = (
				D464FD632D87F46A009633CF /* hangig */,
				D464FDA52D87FF84009633CF /* Views */,
				D464FD742D87F46C009633CF /* hangigTests */,
				D464FD7E2D87F46D009633CF /* hangigUITests */,
				D464FD622D87F46A009633CF /* Products */,
				D464FD952D87F720009633CF /* Frameworks */,
				D464FDA12D87FB5E009633CF /* GoogleService-Info-2.plist */,
			);
			sourceTree = "<group>";
		};
		D464FD622D87F46A009633CF /* Products */ = {
			isa = PBXGroup;
			children = (
				D464FD612D87F46A009633CF /* hangig.app */,
				D464FD712D87F46C009633CF /* hangigTests.xctest */,
				D464FD7B2D87F46D009633CF /* hangigUITests.xctest */,
			);
			name = Products;
			sourceTree = "<group>";
		};
		D464FD952D87F720009633CF /* Frameworks */ = {
			isa = PBXGroup;
			children = (
			);
			name = Frameworks;
			sourceTree = "<group>";
		};
/* End PBXGroup section */

/* Begin PBXNativeTarget section */
		D464FD602D87F46A009633CF /* hangig */ = {
			isa = PBXNativeTarget;
			buildConfigurationList = D464FD852D87F46D009633CF /* Build configuration list for PBXNativeTarget "hangig" */;
			buildPhases = (
				D464FD5D2D87F46A009633CF /* Sources */,
				D464FD5E2D87F46A009633CF /* Frameworks */,
				D464FD5F2D87F46A009633CF /* Resources */,
			);
			buildRules = (
			);
			dependencies = (
			);
			fileSystemSynchronizedGroups = (
				D464FD632D87F46A009633CF /* hangig */,
				D464FDA52D87FF84009633CF /* Views */,
			);
			name = hangig;
			packageProductDependencies = (
				D464FD932D87F623009633CF /* FirebaseAnalytics */,
				D464FD962D87F730009633CF /* FirebaseFirestore */,
				D464FD982D87F7E1009633CF /* FirebaseAuth */,
				D464FD9B2D87F97A009633CF /* GoogleSignIn */,
				D464FD9D2D87F97A009633CF /* GoogleSignInSwift */,
			);
			productName = hangig;
			productReference = D464FD612D87F46A009633CF /* hangig.app */;
			productType = "com.apple.product-type.application";
		};
		D464FD702D87F46C009633CF /* hangigTests */ = {
			isa = PBXNativeTarget;
			buildConfigurationList = D464FD882D87F46D009633CF /* Build configuration list for PBXNativeTarget "hangigTests" */;
			buildPhases = (
				D464FD6D2D87F46C009633CF /* Sources */,
				D464FD6E2D87F46C009633CF /* Frameworks */,
				D464FD6F2D87F46C009633CF /* Resources */,
			);
			buildRules = (
			);
			dependencies = (
				D464FD732D87F46C009633CF /* PBXTargetDependency */,
			);
			fileSystemSynchronizedGroups = (
				D464FD742D87F46C009633CF /* hangigTests */,
				D464FDA52D87FF84009633CF /* Views */,
			);
			name = hangigTests;
			packageProductDependencies = (
			);
			productName = hangigTests;
			productReference = D464FD712D87F46C009633CF /* hangigTests.xctest */;
			productType = "com.apple.product-type.bundle.unit-test";
		};
		D464FD7A2D87F46D009633CF /* hangigUITests */ = {
			isa = PBXNativeTarget;
			buildConfigurationList = D464FD8B2D87F46D009633CF /* Build configuration list for PBXNativeTarget "hangigUITests" */;
			buildPhases = (
				D464FD772D87F46D009633CF /* Sources */,
				D464FD782D87F46D009633CF /* Frameworks */,
				D464FD792D87F46D009633CF /* Resources */,
			);
			buildRules = (
			);
			dependencies = (
				D464FD7D2D87F46D009633CF /* PBXTargetDependency */,
			);
			fileSystemSynchronizedGroups = (
				D464FD7E2D87F46D009633CF /* hangigUITests */,
				D464FDA52D87FF84009633CF /* Views */,
			);
			name = hangigUITests;
			packageProductDependencies = (
			);
			productName = hangigUITests;
			productReference = D464FD7B2D87F46D009633CF /* hangigUITests.xctest */;
			productType = "com.apple.product-type.bundle.ui-testing";
		};
/* End PBXNativeTarget section */

/* Begin PBXProject section */
		D464FD592D87F46A009633CF /* Project object */ = {
			isa = PBXProject;
			attributes = {
				BuildIndependentTargetsInParallel = 1;
				LastSwiftUpdateCheck = 1620;
				LastUpgradeCheck = 1620;
				TargetAttributes = {
					D464FD602D87F46A009633CF = {
						CreatedOnToolsVersion = 16.2;
					};
					D464FD702D87F46C009633CF = {
						CreatedOnToolsVersion = 16.2;
						TestTargetID = D464FD602D87F46A009633CF;
					};
					D464FD7A2D87F46D009633CF = {
						CreatedOnToolsVersion = 16.2;
						TestTargetID = D464FD602D87F46A009633CF;
					};
				};
			};
			buildConfigurationList = D464FD5C2D87F46A009633CF /* Build configuration list for PBXProject "hangig" */;
			developmentRegion = en;
			hasScannedForEncodings = 0;
			knownRegions = (
				en,
				Base,
			);
			mainGroup = D464FD582D87F46A009633CF;
			minimizedProjectReferenceProxies = 1;
			packageReferences = (
				D464FD922D87F623009633CF /* XCRemoteSwiftPackageReference "firebase-ios-sdk" */,
				D464FD9A2D87F97A009633CF /* XCRemoteSwiftPackageReference "GoogleSignIn-iOS" */,
			);
			preferredProjectObjectVersion = 77;
			productRefGroup = D464FD622D87F46A009633CF /* Products */;
			projectDirPath = "";
			projectRoot = "";
			targets = (
				D464FD602D87F46A009633CF /* hangig */,
				D464FD702D87F46C009633CF /* hangigTests */,
				D464FD7A2D87F46D009633CF /* hangigUITests */,
			);
		};
/* End PBXProject section */

/* Begin PBXResourcesBuildPhase section */
		D464FD5F2D87F46A009633CF /* Resources */ = {
			isa = PBXResourcesBuildPhase;
			buildActionMask = 2147483647;
			files = (
				D464FDA22D87FB5E009633CF /* GoogleService-Info-2.plist in Resources */,
			);
			runOnlyForDeploymentPostprocessing = 0;
		};
		D464FD6F2D87F46C009633CF /* Resources */ = {
			isa = PBXResourcesBuildPhase;
			buildActionMask = 2147483647;
			files = (
				D464FDA32D87FB5E009633CF /* GoogleService-Info-2.plist in Resources */,
			);
			runOnlyForDeploymentPostprocessing = 0;
		};
		D464FD792D87F46D009633CF /* Resources */ = {
			isa = PBXResourcesBuildPhase;
			buildActionMask = 2147483647;
			files = (
				D464FDA42D87FB5E009633CF /* GoogleService-Info-2.plist in Resources */,
			);
			runOnlyForDeploymentPostprocessing = 0;
		};
/* End PBXResourcesBuildPhase section */

/* Begin PBXSourcesBuildPhase section */
		D464FD5D2D87F46A009633CF /* Sources */ = {
			isa = PBXSourcesBuildPhase;
			buildActionMask = 2147483647;
			files = (
			);
			runOnlyForDeploymentPostprocessing = 0;
		};
		D464FD6D2D87F46C009633CF /* Sources */ = {
			isa = PBXSourcesBuildPhase;
			buildActionMask = 2147483647;
			files = (
			);
			runOnlyForDeploymentPostprocessing = 0;
		};
		D464FD772D87F46D009633CF /* Sources */ = {
			isa = PBXSourcesBuildPhase;
			buildActionMask = 2147483647;
			files = (
			);
			runOnlyForDeploymentPostprocessing = 0;
		};
/* End PBXSourcesBuildPhase section */

/* Begin PBXTargetDependency section */
		D464FD732D87F46C009633CF /* PBXTargetDependency */ = {
			isa = PBXTargetDependency;
			target = D464FD602D87F46A009633CF /* hangig */;
			targetProxy = D464FD722D87F46C009633CF /* PBXContainerItemProxy */;
		};
		D464FD7D2D87F46D009633CF /* PBXTargetDependency */ = {
			isa = PBXTargetDependency;
			target = D464FD602D87F46A009633CF /* hangig */;
			targetProxy = D464FD7C2D87F46D009633CF /* PBXContainerItemProxy */;
		};
/* End PBXTargetDependency section */

/* Begin XCBuildConfiguration section */
		D464FD832D87F46D009633CF /* Debug */ = {
			isa = XCBuildConfiguration;
			buildSettings = {
				ALWAYS_SEARCH_USER_PATHS = NO;
				ASSETCATALOG_COMPILER_GENERATE_SWIFT_ASSET_SYMBOL_EXTENSIONS = YES;
				CLANG_ANALYZER_NONNULL = YES;
				CLANG_ANALYZER_NUMBER_OBJECT_CONVERSION = YES_AGGRESSIVE;
				CLANG_CXX_LANGUAGE_STANDARD = "gnu++20";
				CLANG_ENABLE_MODULES = YES;
				CLANG_ENABLE_OBJC_ARC = YES;
				CLANG_ENABLE_OBJC_WEAK = YES;
				CLANG_WARN_BLOCK_CAPTURE_AUTORELEASING = YES;
				CLANG_WARN_BOOL_CONVERSION = YES;
				CLANG_WARN_COMMA = YES;
				CLANG_WARN_CONSTANT_CONVERSION = YES;
				CLANG_WARN_DEPRECATED_OBJC_IMPLEMENTATIONS = YES;
				CLANG_WARN_DIRECT_OBJC_ISA_USAGE = YES_ERROR;
				CLANG_WARN_DOCUMENTATION_COMMENTS = YES;
				CLANG_WARN_EMPTY_BODY = YES;
				CLANG_WARN_ENUM_CONVERSION = YES;
				CLANG_WARN_INFINITE_RECURSION = YES;
				CLANG_WARN_INT_CONVERSION = YES;
				CLANG_WARN_NON_LITERAL_NULL_CONVERSION = YES;
				CLANG_WARN_OBJC_IMPLICIT_RETAIN_SELF = YES;
				CLANG_WARN_OBJC_LITERAL_CONVERSION = YES;
				CLANG_WARN_OBJC_ROOT_CLASS = YES_ERROR;
				CLANG_WARN_QUOTED_INCLUDE_IN_FRAMEWORK_HEADER = YES;
				CLANG_WARN_RANGE_LOOP_ANALYSIS = YES;
				CLANG_WARN_STRICT_PROTOTYPES = YES;
				CLANG_WARN_SUSPICIOUS_MOVE = YES;
				CLANG_WARN_UNGUARDED_AVAILABILITY = YES_AGGRESSIVE;
				CLANG_WARN_UNREACHABLE_CODE = YES;
				CLANG_WARN__DUPLICATE_METHOD_MATCH = YES;
				COPY_PHASE_STRIP = NO;
				DEBUG_INFORMATION_FORMAT = dwarf;
				ENABLE_STRICT_OBJC_MSGSEND = YES;
				ENABLE_TESTABILITY = YES;
				ENABLE_USER_SCRIPT_SANDBOXING = YES;
				GCC_C_LANGUAGE_STANDARD = gnu17;
				GCC_DYNAMIC_NO_PIC = NO;
				GCC_NO_COMMON_BLOCKS = YES;
				GCC_OPTIMIZATION_LEVEL = 0;
				GCC_PREPROCESSOR_DEFINITIONS = (
					"DEBUG=1",
					"$(inherited)",
				);
				GCC_WARN_64_TO_32_BIT_CONVERSION = YES;
				GCC_WARN_ABOUT_RETURN_TYPE = YES_ERROR;
				GCC_WARN_UNDECLARED_SELECTOR = YES;
				GCC_WARN_UNINITIALIZED_AUTOS = YES_AGGRESSIVE;
				GCC_WARN_UNUSED_FUNCTION = YES;
				GCC_WARN_UNUSED_VARIABLE = YES;
				IPHONEOS_DEPLOYMENT_TARGET = 18.2;
				LOCALIZATION_PREFERS_STRING_CATALOGS = YES;
				MTL_ENABLE_DEBUG_INFO = INCLUDE_SOURCE;
				MTL_FAST_MATH = YES;
				ONLY_ACTIVE_ARCH = YES;
				SDKROOT = iphoneos;
				SWIFT_ACTIVE_COMPILATION_CONDITIONS = "DEBUG $(inherited)";
				SWIFT_OPTIMIZATION_LEVEL = "-Onone";
			};
			name = Debug;
		};
		D464FD842D87F46D009633CF /* Release */ = {
			isa = XCBuildConfiguration;
			buildSettings = {
				ALWAYS_SEARCH_USER_PATHS = NO;
				ASSETCATALOG_COMPILER_GENERATE_SWIFT_ASSET_SYMBOL_EXTENSIONS = YES;
				CLANG_ANALYZER_NONNULL = YES;
				CLANG_ANALYZER_NUMBER_OBJECT_CONVERSION = YES_AGGRESSIVE;
				CLANG_CXX_LANGUAGE_STANDARD = "gnu++20";
				CLANG_ENABLE_MODULES = YES;
				CLANG_ENABLE_OBJC_ARC = YES;
				CLANG_ENABLE_OBJC_WEAK = YES;
				CLANG_WARN_BLOCK_CAPTURE_AUTORELEASING = YES;
				CLANG_WARN_BOOL_CONVERSION = YES;
				CLANG_WARN_COMMA = YES;
				CLANG_WARN_CONSTANT_CONVERSION = YES;
				CLANG_WARN_DEPRECATED_OBJC_IMPLEMENTATIONS = YES;
				CLANG_WARN_DIRECT_OBJC_ISA_USAGE = YES_ERROR;
				CLANG_WARN_DOCUMENTATION_COMMENTS = YES;
				CLANG_WARN_EMPTY_BODY = YES;
				CLANG_WARN_ENUM_CONVERSION = YES;
				CLANG_WARN_INFINITE_RECURSION = YES;
				CLANG_WARN_INT_CONVERSION = YES;
				CLANG_WARN_NON_LITERAL_NULL_CONVERSION = YES;
				CLANG_WARN_OBJC_IMPLICIT_RETAIN_SELF = YES;
				CLANG_WARN_OBJC_LITERAL_CONVERSION = YES;
				CLANG_WARN_OBJC_ROOT_CLASS = YES_ERROR;
				CLANG_WARN_QUOTED_INCLUDE_IN_FRAMEWORK_HEADER = YES;
				CLANG_WARN_RANGE_LOOP_ANALYSIS = YES;
				CLANG_WARN_STRICT_PROTOTYPES = YES;
				CLANG_WARN_SUSPICIOUS_MOVE = YES;
				CLANG_WARN_UNGUARDED_AVAILABILITY = YES_AGGRESSIVE;
				CLANG_WARN_UNREACHABLE_CODE = YES;
				CLANG_WARN__DUPLICATE_METHOD_MATCH = YES;
				COPY_PHASE_STRIP = NO;
				DEBUG_INFORMATION_FORMAT = "dwarf-with-dsym";
				ENABLE_NS_ASSERTIONS = NO;
				ENABLE_STRICT_OBJC_MSGSEND = YES;
				ENABLE_USER_SCRIPT_SANDBOXING = YES;
				GCC_C_LANGUAGE_STANDARD = gnu17;
				GCC_NO_COMMON_BLOCKS = YES;
				GCC_WARN_64_TO_32_BIT_CONVERSION = YES;
				GCC_WARN_ABOUT_RETURN_TYPE = YES_ERROR;
				GCC_WARN_UNDECLARED_SELECTOR = YES;
				GCC_WARN_UNINITIALIZED_AUTOS = YES_AGGRESSIVE;
				GCC_WARN_UNUSED_FUNCTION = YES;
				GCC_WARN_UNUSED_VARIABLE = YES;
				IPHONEOS_DEPLOYMENT_TARGET = 18.2;
				LOCALIZATION_PREFERS_STRING_CATALOGS = YES;
				MTL_ENABLE_DEBUG_INFO = NO;
				MTL_FAST_MATH = YES;
				SDKROOT = iphoneos;
				SWIFT_COMPILATION_MODE = wholemodule;
				VALIDATE_PRODUCT = YES;
			};
			name = Release;
		};
		D464FD862D87F46D009633CF /* Debug */ = {
			isa = XCBuildConfiguration;
			buildSettings = {
				ASSETCATALOG_COMPILER_APPICON_NAME = AppIcon;
				ASSETCATALOG_COMPILER_GLOBAL_ACCENT_COLOR_NAME = AccentColor;
				CODE_SIGN_STYLE = Automatic;
				CURRENT_PROJECT_VERSION = 1;
				DEVELOPMENT_ASSET_PATHS = "\"hangig/Preview Content\"";
				DEVELOPMENT_TEAM = DZQZVVL36X;
				ENABLE_PREVIEWS = YES;
				GENERATE_INFOPLIST_FILE = YES;
				INFOPLIST_FILE = hangig/Info.plist;
				INFOPLIST_KEY_UIApplicationSceneManifest_Generation = YES;
				INFOPLIST_KEY_UIApplicationSupportsIndirectInputEvents = YES;
				INFOPLIST_KEY_UILaunchScreen_Generation = YES;
				INFOPLIST_KEY_UISupportedInterfaceOrientations_iPad = "UIInterfaceOrientationPortrait UIInterfaceOrientationPortraitUpsideDown UIInterfaceOrientationLandscapeLeft UIInterfaceOrientationLandscapeRight";
				INFOPLIST_KEY_UISupportedInterfaceOrientations_iPhone = "UIInterfaceOrientationPortrait UIInterfaceOrientationLandscapeLeft UIInterfaceOrientationLandscapeRight";
				LD_RUNPATH_SEARCH_PATHS = (
					"$(inherited)",
					"@executable_path/Frameworks",
				);
				MARKETING_VERSION = 1.0;
				PRODUCT_BUNDLE_IDENTIFIER = bailey2k.hangig;
				PRODUCT_NAME = "$(TARGET_NAME)";
				SWIFT_EMIT_LOC_STRINGS = YES;
				SWIFT_VERSION = 5.0;
				TARGETED_DEVICE_FAMILY = "1,2";
			};
			name = Debug;
		};
		D464FD872D87F46D009633CF /* Release */ = {
			isa = XCBuildConfiguration;
			buildSettings = {
				ASSETCATALOG_COMPILER_APPICON_NAME = AppIcon;
				ASSETCATALOG_COMPILER_GLOBAL_ACCENT_COLOR_NAME = AccentColor;
				CODE_SIGN_STYLE = Automatic;
				CURRENT_PROJECT_VERSION = 1;
				DEVELOPMENT_ASSET_PATHS = "\"hangig/Preview Content\"";
				DEVELOPMENT_TEAM = DZQZVVL36X;
				ENABLE_PREVIEWS = YES;
				GENERATE_INFOPLIST_FILE = YES;
				INFOPLIST_FILE = hangig/Info.plist;
				INFOPLIST_KEY_UIApplicationSceneManifest_Generation = YES;
				INFOPLIST_KEY_UIApplicationSupportsIndirectInputEvents = YES;
				INFOPLIST_KEY_UILaunchScreen_Generation = YES;
				INFOPLIST_KEY_UISupportedInterfaceOrientations_iPad = "UIInterfaceOrientationPortrait UIInterfaceOrientationPortraitUpsideDown UIInterfaceOrientationLandscapeLeft UIInterfaceOrientationLandscapeRight";
				INFOPLIST_KEY_UISupportedInterfaceOrientations_iPhone = "UIInterfaceOrientationPortrait UIInterfaceOrientationLandscapeLeft UIInterfaceOrientationLandscapeRight";
				LD_RUNPATH_SEARCH_PATHS = (
					"$(inherited)",
					"@executable_path/Frameworks",
				);
				MARKETING_VERSION = 1.0;
				PRODUCT_BUNDLE_IDENTIFIER = bailey2k.hangig;
				PRODUCT_NAME = "$(TARGET_NAME)";
				SWIFT_EMIT_LOC_STRINGS = YES;
				SWIFT_VERSION = 5.0;
				TARGETED_DEVICE_FAMILY = "1,2";
			};
			name = Release;
		};
		D464FD892D87F46D009633CF /* Debug */ = {
			isa = XCBuildConfiguration;
			buildSettings = {
				BUNDLE_LOADER = "$(TEST_HOST)";
				CODE_SIGN_STYLE = Automatic;
				CURRENT_PROJECT_VERSION = 1;
				DEVELOPMENT_TEAM = DZQZVVL36X;
				GENERATE_INFOPLIST_FILE = YES;
				IPHONEOS_DEPLOYMENT_TARGET = 18.2;
				MARKETING_VERSION = 1.0;
				PRODUCT_BUNDLE_IDENTIFIER = bailey2k.hangigTests;
				PRODUCT_NAME = "$(TARGET_NAME)";
				SWIFT_EMIT_LOC_STRINGS = NO;
				SWIFT_VERSION = 5.0;
				TARGETED_DEVICE_FAMILY = "1,2";
				TEST_HOST = "$(BUILT_PRODUCTS_DIR)/hangig.app/$(BUNDLE_EXECUTABLE_FOLDER_PATH)/hangig";
			};
			name = Debug;
		};
		D464FD8A2D87F46D009633CF /* Release */ = {
			isa = XCBuildConfiguration;
			buildSettings = {
				BUNDLE_LOADER = "$(TEST_HOST)";
				CODE_SIGN_STYLE = Automatic;
				CURRENT_PROJECT_VERSION = 1;
				DEVELOPMENT_TEAM = DZQZVVL36X;
				GENERATE_INFOPLIST_FILE = YES;
				IPHONEOS_DEPLOYMENT_TARGET = 18.2;
				MARKETING_VERSION = 1.0;
				PRODUCT_BUNDLE_IDENTIFIER = bailey2k.hangigTests;
				PRODUCT_NAME = "$(TARGET_NAME)";
				SWIFT_EMIT_LOC_STRINGS = NO;
				SWIFT_VERSION = 5.0;
				TARGETED_DEVICE_FAMILY = "1,2";
				TEST_HOST = "$(BUILT_PRODUCTS_DIR)/hangig.app/$(BUNDLE_EXECUTABLE_FOLDER_PATH)/hangig";
			};
			name = Release;
		};
		D464FD8C2D87F46D009633CF /* Debug */ = {
			isa = XCBuildConfiguration;
			buildSettings = {
				CODE_SIGN_STYLE = Automatic;
				CURRENT_PROJECT_VERSION = 1;
				DEVELOPMENT_TEAM = DZQZVVL36X;
				GENERATE_INFOPLIST_FILE = YES;
				MARKETING_VERSION = 1.0;
				PRODUCT_BUNDLE_IDENTIFIER = bailey2k.hangigUITests;
				PRODUCT_NAME = "$(TARGET_NAME)";
				SWIFT_EMIT_LOC_STRINGS = NO;
				SWIFT_VERSION = 5.0;
				TARGETED_DEVICE_FAMILY = "1,2";
				TEST_TARGET_NAME = hangig;
			};
			name = Debug;
		};
		D464FD8D2D87F46D009633CF /* Release */ = {
			isa = XCBuildConfiguration;
			buildSettings = {
				CODE_SIGN_STYLE = Automatic;
				CURRENT_PROJECT_VERSION = 1;
				DEVELOPMENT_TEAM = DZQZVVL36X;
				GENERATE_INFOPLIST_FILE = YES;
				MARKETING_VERSION = 1.0;
				PRODUCT_BUNDLE_IDENTIFIER = bailey2k.hangigUITests;
				PRODUCT_NAME = "$(TARGET_NAME)";
				SWIFT_EMIT_LOC_STRINGS = NO;
				SWIFT_VERSION = 5.0;
				TARGETED_DEVICE_FAMILY = "1,2";
				TEST_TARGET_NAME = hangig;
			};
			name = Release;
		};
/* End XCBuildConfiguration section */

/* Begin XCConfigurationList section */
		D464FD5C2D87F46A009633CF /* Build configuration list for PBXProject "hangig" */ = {
			isa = XCConfigurationList;
			buildConfigurations = (
				D464FD832D87F46D009633CF /* Debug */,
				D464FD842D87F46D009633CF /* Release */,
			);
			defaultConfigurationIsVisible = 0;
			defaultConfigurationName = Release;
		};
		D464FD852D87F46D009633CF /* Build configuration list for PBXNativeTarget "hangig" */ = {
			isa = XCConfigurationList;
			buildConfigurations = (
				D464FD862D87F46D009633CF /* Debug */,
				D464FD872D87F46D009633CF /* Release */,
			);
			defaultConfigurationIsVisible = 0;
			defaultConfigurationName = Release;
		};
		D464FD882D87F46D009633CF /* Build configuration list for PBXNativeTarget "hangigTests" */ = {
			isa = XCConfigurationList;
			buildConfigurations = (
				D464FD892D87F46D009633CF /* Debug */,
				D464FD8A2D87F46D009633CF /* Release */,
			);
			defaultConfigurationIsVisible = 0;
			defaultConfigurationName = Release;
		};
		D464FD8B2D87F46D009633CF /* Build configuration list for PBXNativeTarget "hangigUITests" */ = {
			isa = XCConfigurationList;
			buildConfigurations = (
				D464FD8C2D87F46D009633CF /* Debug */,
				D464FD8D2D87F46D009633CF /* Release */,
			);
			defaultConfigurationIsVisible = 0;
			defaultConfigurationName = Release;
		};
/* End XCConfigurationList section */

/* Begin XCRemoteSwiftPackageReference section */
		D464FD922D87F623009633CF /* XCRemoteSwiftPackageReference "firebase-ios-sdk" */ = {
			isa = XCRemoteSwiftPackageReference;
			repositoryURL = "https://github.com/firebase/firebase-ios-sdk";
			requirement = {
				kind = upToNextMajorVersion;
				minimumVersion = 11.9.0;
			};
		};
		D464FD9A2D87F97A009633CF /* XCRemoteSwiftPackageReference "GoogleSignIn-iOS" */ = {
			isa = XCRemoteSwiftPackageReference;
			repositoryURL = "https://github.com/google/GoogleSignIn-iOS";
			requirement = {
				kind = upToNextMajorVersion;
				minimumVersion = 8.0.0;
			};
		};
/* End XCRemoteSwiftPackageReference section */

/* Begin XCSwiftPackageProductDependency section */
		D464FD932D87F623009633CF /* FirebaseAnalytics */ = {
			isa = XCSwiftPackageProductDependency;
			package = D464FD922D87F623009633CF /* XCRemoteSwiftPackageReference "firebase-ios-sdk" */;
			productName = FirebaseAnalytics;
		};
		D464FD962D87F730009633CF /* FirebaseFirestore */ = {
			isa = XCSwiftPackageProductDependency;
			package = D464FD922D87F623009633CF /* XCRemoteSwiftPackageReference "firebase-ios-sdk" */;
			productName = FirebaseFirestore;
		};
		D464FD982D87F7E1009633CF /* FirebaseAuth */ = {
			isa = XCSwiftPackageProductDependency;
			package = D464FD922D87F623009633CF /* XCRemoteSwiftPackageReference "firebase-ios-sdk" */;
			productName = FirebaseAuth;
		};
		D464FD9B2D87F97A009633CF /* GoogleSignIn */ = {
			isa = XCSwiftPackageProductDependency;
			package = D464FD9A2D87F97A009633CF /* XCRemoteSwiftPackageReference "GoogleSignIn-iOS" */;
			productName = GoogleSignIn;
		};
		D464FD9D2D87F97A009633CF /* GoogleSignInSwift */ = {
			isa = XCSwiftPackageProductDependency;
			package = D464FD9A2D87F97A009633CF /* XCRemoteSwiftPackageReference "GoogleSignIn-iOS" */;
			productName = GoogleSignInSwift;
		};
/* End XCSwiftPackageProductDependency section */
	};
	rootObject = D464FD592D87F46A009633CF /* Project object */;
}
